// !$*UTF8*$!
{
	archiveVersion = 1;
	classes = {
	};
	objectVersion = 46;
	objects = {

/* Begin PBXBuildFile section */
		A321A3C91F2CE241001D5B76 /* AppDelegate.swift in Sources */ = {isa = PBXBuildFile; fileRef = A321A3C81F2CE241001D5B76 /* AppDelegate.swift */; };
		A321A3CE1F2CE241001D5B76 /* Main.storyboard in Resources */ = {isa = PBXBuildFile; fileRef = A321A3CC1F2CE241001D5B76 /* Main.storyboard */; };
		A321A3D01F2CE241001D5B76 /* Assets.xcassets in Resources */ = {isa = PBXBuildFile; fileRef = A321A3CF1F2CE241001D5B76 /* Assets.xcassets */; };
		A321A3D31F2CE241001D5B76 /* LaunchScreen.storyboard in Resources */ = {isa = PBXBuildFile; fileRef = A321A3D11F2CE241001D5B76 /* LaunchScreen.storyboard */; };
		A321A3DB1F2CE491001D5B76 /* ConversionViewController.swift in Sources */ = {isa = PBXBuildFile; fileRef = A321A3DA1F2CE491001D5B76 /* ConversionViewController.swift */; };
/* End PBXBuildFile section */

/* Begin PBXFileReference section */
		A321A3C51F2CE241001D5B76 /* WorldTrotter3.app */ = {isa = PBXFileReference; explicitFileType = wrapper.application; includeInIndex = 0; path = WorldTrotter3.app; sourceTree = BUILT_PRODUCTS_DIR; };
		A321A3C81F2CE241001D5B76 /* AppDelegate.swift */ = {isa = PBXFileReference; lastKnownFileType = sourcecode.swift; path = AppDelegate.swift; sourceTree = "<group>"; };
		A321A3CD1F2CE241001D5B76 /* Base */ = {isa = PBXFileReference; lastKnownFileType = file.storyboard; name = Base; path = Base.lproj/Main.storyboard; sourceTree = "<group>"; };
		A321A3CF1F2CE241001D5B76 /* Assets.xcassets */ = {isa = PBXFileReference; lastKnownFileType = folder.assetcatalog; path = Assets.xcassets; sourceTree = "<group>"; };
		A321A3D21F2CE241001D5B76 /* Base */ = {isa = PBXFileReference; lastKnownFileType = file.storyboard; name = Base; path = Base.lproj/LaunchScreen.storyboard; sourceTree = "<group>"; };
		A321A3D41F2CE241001D5B76 /* Info.plist */ = {isa = PBXFileReference; lastKnownFileType = text.plist.xml; path = Info.plist; sourceTree = "<group>"; };
		A321A3DA1F2CE491001D5B76 /* ConversionViewController.swift */ = {isa = PBXFileReference; fileEncoding = 4; lastKnownFileType = sourcecode.swift; path = ConversionViewController.swift; sourceTree = "<group>"; };
/* End PBXFileReference section */

/* Begin PBXFrameworksBuildPhase section */
		A321A3C21F2CE241001D5B76 /* Frameworks */ = {
			isa = PBXFrameworksBuildPhase;
			buildActionMask = 2147483647;
			files = (
			);
			runOnlyForDeploymentPostprocessing = 0;
		};
/* End PBXFrameworksBuildPhase section */

/* Begin PBXGroup section */
		A321A3BC1F2CE241001D5B76 = {
			isa = PBXGroup;
			children = (
				A321A3C71F2CE241001D5B76 /* WorldTrotter3 */,
				A321A3C61F2CE241001D5B76 /* Products */,
			);
			sourceTree = "<group>";
		};
		A321A3C61F2CE241001D5B76 /* Products */ = {
			isa = PBXGroup;
			children = (
				A321A3C51F2CE241001D5B76 /* WorldTrotter3.app */,
			);
			name = Products;
			sourceTree = "<group>";
		};
		A321A3C71F2CE241001D5B76 /* WorldTrotter3 */ = {
			isa = PBXGroup;
			children = (
				A321A3C81F2CE241001D5B76 /* AppDelegate.swift */,
				A321A3CC1F2CE241001D5B76 /* Main.storyboard */,
				A321A3CF1F2CE241001D5B76 /* Assets.xcassets */,
				A321A3D11F2CE241001D5B76 /* LaunchScreen.storyboard */,
				A321A3D41F2CE241001D5B76 /* Info.plist */,
				A321A3DA1F2CE491001D5B76 /* ConversionViewController.swift */,
			);
			path = WorldTrotter3;
			sourceTree = "<group>";
		};
/* End PBXGroup section */

/* Begin PBXNativeTarget section */
		A321A3C41F2CE241001D5B76 /* WorldTrotter3 */ = {
			isa = PBXNativeTarget;
			buildConfigurationList = A321A3D71F2CE241001D5B76 /* Build configuration list for PBXNativeTarget "WorldTrotter3" */;
			buildPhases = (
				A321A3C11F2CE241001D5B76 /* Sources */,
				A321A3C21F2CE241001D5B76 /* Frameworks */,
				A321A3C31F2CE241001D5B76 /* Resources */,
			);
			buildRules = (
			);
			dependencies = (
			);
			name = WorldTrotter3;
			productName = WorldTrotter3;
			productReference = A321A3C51F2CE241001D5B76 /* WorldTrotter3.app */;
			productType = "com.apple.product-type.application";
		};
/* End PBXNativeTarget section */

/* Begin PBXProject section */
		A321A3BD1F2CE241001D5B76 /* Project object */ = {
			isa = PBXProject;
			attributes = {
				LastSwiftUpdateCheck = 0710;
				LastUpgradeCheck = 0710;
				ORGANIZATIONNAME = LukeLuke;
				TargetAttributes = {
					A321A3C41F2CE241001D5B76 = {
						CreatedOnToolsVersion = 7.1;
						DevelopmentTeam = ZQKNW77UT3;
					};
				};
			};
			buildConfigurationList = A321A3C01F2CE241001D5B76 /* Build configuration list for PBXProject "WorldTrotter3" */;
			compatibilityVersion = "Xcode 3.2";
			developmentRegion = English;
			hasScannedForEncodings = 0;
			knownRegions = (
				en,
				Base,
			);
			mainGroup = A321A3BC1F2CE241001D5B76;
			productRefGroup = A321A3C61F2CE241001D5B76 /* Products */;
			projectDirPath = "";
			projectRoot = "";
			targets = (
				A321A3C41F2CE241001D5B76 /* WorldTrotter3 */,
			);
		};
/* End PBXProject section */

/* Begin PBXResourcesBuildPhase section */
		A321A3C31F2CE241001D5B76 /* Resources */ = {
			isa = PBXResourcesBuildPhase;
			buildActionMask = 2147483647;
			files = (
				A321A3D31F2CE241001D5B76 /* LaunchScreen.storyboard in Resources */,
				A321A3D01F2CE241001D5B76 /* Assets.xcassets in Resources */,
				A321A3CE1F2CE241001D5B76 /* Main.storyboard in Resources */,
			);
			runOnlyForDeploymentPostprocessing = 0;
		};
/* End PBXResourcesBuildPhase section */

/* Begin PBXSourcesBuildPhase section */
		A321A3C11F2CE241001D5B76 /* Sources */ = {
			isa = PBXSourcesBuildPhase;
			buildActionMask = 2147483647;
			files = (
				A321A3DB1F2CE491001D5B76 /* ConversionViewController.swift in Sources */,
				A321A3C91F2CE241001D5B76 /* AppDelegate.swift in Sources */,
			);
			runOnlyForDeploymentPostprocessing = 0;
		};
/* End PBXSourcesBuildPhase section */

/* Begin PBXVariantGroup section */
		A321A3CC1F2CE241001D5B76 /* Main.storyboard */ = {
			isa = PBXVariantGroup;
			children = (
				A321A3CD1F2CE241001D5B76 /* Base */,
			);
			name = Main.storyboard;
			sourceTree = "<group>";
		};
		A321A3D11F2CE241001D5B76 /* LaunchScreen.storyboard */ = {
			isa = PBXVariantGroup;
			children = (
				A321A3D21F2CE241001D5B76 /* Base */,
			);
			name = LaunchScreen.storyboard;
			sourceTree = "<group>";
		};
/* End PBXVariantGroup section */

/* Begin XCBuildConfiguration section */
		A321A3D51F2CE241001D5B76 /* Debug */ = {
			isa = XCBuildConfiguration;
			buildSettings = {
				ALWAYS_SEARCH_USER_PATHS = NO;
				CLANG_CXX_LANGUAGE_STANDARD = "gnu++0x";
				CLANG_CXX_LIBRARY = "libc++";
				CLANG_ENABLE_MODULES = YES;
				CLANG_ENABLE_OBJC_ARC = YES;
				CLANG_WARN_BOOL_CONVERSION = YES;
				CLANG_WARN_CONSTANT_CONVERSION = YES;
				CLANG_WARN_DIRECT_OBJC_ISA_USAGE = YES_ERROR;
				CLANG_WARN_EMPTY_BODY = YES;
				CLANG_WARN_ENUM_CONVERSION = YES;
				CLANG_WARN_INT_CONVERSION = YES;
				CLANG_WARN_OBJC_ROOT_CLASS = YES_ERROR;
				CLANG_WARN_UNREACHABLE_CODE = YES;
				CLANG_WARN__DUPLICATE_METHOD_MATCH = YES;
				"CODE_SIGN_IDENTITY[sdk=iphoneos*]" = "iPhone Developer";
				COPY_PHASE_STRIP = NO;
				DEBUG_INFORMATION_FORMAT = dwarf;
				ENABLE_STRICT_OBJC_MSGSEND = YES;
				ENABLE_TESTABILITY = YES;
				GCC_C_LANGUAGE_STANDARD = gnu99;
				GCC_DYNAMIC_NO_PIC = NO;
				GCC_NO_COMMON_BLOCKS = YES;
				GCC_OPTIMIZATION_LEVEL = 0;
				GCC_PREPROCESSOR_DEFINITIONS = (
					"DEBUG=1",
					"$(inherited)",
				);
				GCC_WARN_64_TO_32_BIT_CONVERSION = YES;
				GCC_WARN_ABOUT_RETURN_TYPE = YES_ERROR;
				GCC_WARN_UNDECLARED_SELECTOR = YES;
				GCC_WARN_UNINITIALIZED_AUTOS = YES_AGGRESSIVE;
				GCC_WARN_UNUSED_FUNCTION = YES;
				GCC_WARN_UNUSED_VARIABLE = YES;
				IPHONEOS_DEPLOYMENT_TARGET = 9.1;
				MTL_ENABLE_DEBUG_INFO = YES;
				ONLY_ACTIVE_ARCH = YES;
				SDKROOT = iphoneos;
				SWIFT_OPTIMIZATION_LEVEL = "-Onone";
			};
			name = Debug;
		};
		A321A3D61F2CE241001D5B76 /* Release */ = {
			isa = XCBuildConfiguration;
			buildSettings = {
				ALWAYS_SEARCH_USER_PATHS = NO;
				CLANG_CXX_LANGUAGE_STANDARD = "gnu++0x";
				CLANG_CXX_LIBRARY = "libc++";
				CLANG_ENABLE_MODULES = YES;
				CLANG_ENABLE_OBJC_ARC = YES;
				CLANG_WARN_BOOL_CONVERSION = YES;
				CLANG_WARN_CONSTANT_CONVERSION = YES;
				CLANG_WARN_DIRECT_OBJC_ISA_USAGE = YES_ERROR;
				CLANG_WARN_EMPTY_BODY = YES;
				CLANG_WARN_ENUM_CONVERSION = YES;
				CLANG_WARN_INT_CONVERSION = YES;
				CLANG_WARN_OBJC_ROOT_CLASS = YES_ERROR;
				CLANG_WARN_UNREACHABLE_CODE = YES;
				CLANG_WARN__DUPLICATE_METHOD_MATCH = YES;
				"CODE_SIGN_IDENTITY[sdk=iphoneos*]" = "iPhone Developer";
				COPY_PHASE_STRIP = NO;
				DEBUG_INFORMATION_FORMAT = "dwarf-with-dsym";
				ENABLE_NS_ASSERTIONS = NO;
				ENABLE_STRICT_OBJC_MSGSEND = YES;
				GCC_C_LANGUAGE_STANDARD = gnu99;
				GCC_NO_COMMON_BLOCKS = YES;
				GCC_WARN_64_TO_32_BIT_CONVERSION = YES;
				GCC_WARN_ABOUT_RETURN_TYPE = YES_ERROR;
				GCC_WARN_UNDECLARED_SELECTOR = YES;
				GCC_WARN_UNINITIALIZED_AUTOS = YES_AGGRESSIVE;
				GCC_WARN_UNUSED_FUNCTION = YES;
				GCC_WARN_UNUSED_VARIABLE = YES;
				IPHONEOS_DEPLOYMENT_TARGET = 9.1;
				MTL_ENABLE_DEBUG_INFO = NO;
				SDKROOT = iphoneos;
				VALIDATE_PRODUCT = YES;
			};
			name = Release;
		};
		A321A3D81F2CE241001D5B76 /* Debug */ = {
			isa = XCBuildConfiguration;
			buildSettings = {
				ASSETCATALOG_COMPILER_APPICON_NAME = AppIcon;
				INFOPLIST_FILE = WorldTrotter3/Info.plist;
				LD_RUNPATH_SEARCH_PATHS = "$(inherited) @executable_path/Frameworks";
				PRODUCT_BUNDLE_IDENTIFIER = Luke.WorldTrotter3;
				PRODUCT_NAME = "$(TARGET_NAME)";
			};
			name = Debug;
		};
		A321A3D91F2CE241001D5B76 /* Release */ = {
			isa = XCBuildConfiguration;
			buildSettings = {
				ASSETCATALOG_COMPILER_APPICON_NAME = AppIcon;
				INFOPLIST_FILE = WorldTrotter3/Info.plist;
				LD_RUNPATH_SEARCH_PATHS = "$(inherited) @executable_path/Frameworks";
				PRODUCT_BUNDLE_IDENTIFIER = Luke.WorldTrotter3;
				PRODUCT_NAME = "$(TARGET_NAME)";
			};
			name = Release;
		};
/* End XCBuildConfiguration section */

/* Begin XCConfigurationList section */
		A321A3C01F2CE241001D5B76 /* Build configuration list for PBXProject "WorldTrotter3" */ = {
			isa = XCConfigurationList;
			buildConfigurations = (
				A321A3D51F2CE241001D5B76 /* Debug */,
				A321A3D61F2CE241001D5B76 /* Release */,
			);
			defaultConfigurationIsVisible = 0;
			defaultConfigurationName = Release;
		};
		A321A3D71F2CE241001D5B76 /* Build configuration list for PBXNativeTarget "WorldTrotter3" */ = {
			isa = XCConfigurationList;
			buildConfigurations = (
				A321A3D81F2CE241001D5B76 /* Debug */,
				A321A3D91F2CE241001D5B76 /* Release */,
			);
			defaultConfigurationIsVisible = 0;
		};
/* End XCConfigurationList section */
	};
	rootObject = A321A3BD1F2CE241001D5B76 /* Project object */;
}
